
Microsoft Visual Studio Solution File, Format Version 12.00
# Visual Studio Version 16
VisualStudioVersion = 16.0.29905.134
MinimumVisualStudioVersion = 10.0.40219.1
Project("{FAE04EC0-301F-11D3-BF4B-00C04F79EFBC}") = "CSVParser", "CSVParser\CSVParser.csproj", "{809FC5DA-767E-4646-B78C-38C9B9CB4658}"
EndProject
Global
	GlobalSection(SolutionConfigurationPlatforms) = preSolution
		Debug|Any CPU = Debug|Any CPU
		Release|Any CPU = Release|Any CPU
	EndGlobalSection
	GlobalSection(ProjectConfigurationPlatforms) = postSolution
		{809FC5DA-767E-4646-B78C-38C9B9CB4658}.Debug|Any CPU.ActiveCfg = Debug|Any CPU
		{809FC5DA-767E-4646-B78C-38C9B9CB4658}.Debug|Any CPU.Build.0 = Debug|Any CPU
		{809FC5DA-767E-4646-B78C-38C9B9CB4658}.Release|Any CPU.ActiveCfg = Release|Any CPU
		{809FC5DA-767E-4646-B78C-38C9B9CB4658}.Release|Any CPU.Build.0 = Release|Any CPU
	EndGlobalSection
	GlobalSection(SolutionProperties) = preSolution
		HideSolutionNode = FALSE
	EndGlobalSection
	GlobalSection(ExtensibilityGlobals) = postSolution
		SolutionGuid = {C7D45B71-D5A8-4908-854F-63E9E032DA99}
	EndGlobalSection
EndGlobal
